
Microsoft Visual Studio Solution File, Format Version 12.00
# Visual Studio Version 16
VisualStudioVersion = 16.0.29306.81
MinimumVisualStudioVersion = 10.0.40219.1
Project("{FAE04EC0-301F-11D3-BF4B-00C04F79EFBC}") = "CodeGuide.API", "CodeGuide.API\CodeGuide.API.csproj", "{01ADACD0-53BD-4BCF-B947-AF9D9FA8F86F}"
EndProject
Project("{FAE04EC0-301F-11D3-BF4B-00C04F79EFBC}") = "CodeGuide.EF", "CodeGuide.EF\CodeGuide.EF.csproj", "{A75F52F4-31D1-455F-BD59-07970EBC313B}"
EndProject
Project("{FAE04EC0-301F-11D3-BF4B-00C04F79EFBC}") = "CodeGuide.Business", "CodeGuide.Business\CodeGuide.Business.csproj", "{1FE849E2-6F7A-44CA-9846-7E8332CD20CC}"
EndProject
Project("{FAE04EC0-301F-11D3-BF4B-00C04F79EFBC}") = "CodeGuide.Contract", "CodeGuide.Contract\CodeGuide.Contract.csproj", "{A8FD42DB-315D-4667-AF1E-B9737DA8D1F3}"
EndProject
Project("{FAE04EC0-301F-11D3-BF4B-00C04F79EFBC}") = "CodeGuide.Mapper", "CodeGuide.Mapper\CodeGuide.Mapper.csproj", "{0DCC1103-4CB1-46CD-BC72-99BE373F8817}"
EndProject
Global
	GlobalSection(SolutionConfigurationPlatforms) = preSolution
		Debug|Any CPU = Debug|Any CPU
		Release|Any CPU = Release|Any CPU
	EndGlobalSection
	GlobalSection(ProjectConfigurationPlatforms) = postSolution
		{01ADACD0-53BD-4BCF-B947-AF9D9FA8F86F}.Debug|Any CPU.ActiveCfg = Debug|Any CPU
		{01ADACD0-53BD-4BCF-B947-AF9D9FA8F86F}.Debug|Any CPU.Build.0 = Debug|Any CPU
		{01ADACD0-53BD-4BCF-B947-AF9D9FA8F86F}.Release|Any CPU.ActiveCfg = Release|Any CPU
		{01ADACD0-53BD-4BCF-B947-AF9D9FA8F86F}.Release|Any CPU.Build.0 = Release|Any CPU
		{A75F52F4-31D1-455F-BD59-07970EBC313B}.Debug|Any CPU.ActiveCfg = Debug|Any CPU
		{A75F52F4-31D1-455F-BD59-07970EBC313B}.Debug|Any CPU.Build.0 = Debug|Any CPU
		{A75F52F4-31D1-455F-BD59-07970EBC313B}.Release|Any CPU.ActiveCfg = Release|Any CPU
		{A75F52F4-31D1-455F-BD59-07970EBC313B}.Release|Any CPU.Build.0 = Release|Any CPU
		{1FE849E2-6F7A-44CA-9846-7E8332CD20CC}.Debug|Any CPU.ActiveCfg = Debug|Any CPU
		{1FE849E2-6F7A-44CA-9846-7E8332CD20CC}.Debug|Any CPU.Build.0 = Debug|Any CPU
		{1FE849E2-6F7A-44CA-9846-7E8332CD20CC}.Release|Any CPU.ActiveCfg = Release|Any CPU
		{1FE849E2-6F7A-44CA-9846-7E8332CD20CC}.Release|Any CPU.Build.0 = Release|Any CPU
		{A8FD42DB-315D-4667-AF1E-B9737DA8D1F3}.Debug|Any CPU.ActiveCfg = Debug|Any CPU
		{A8FD42DB-315D-4667-AF1E-B9737DA8D1F3}.Debug|Any CPU.Build.0 = Debug|Any CPU
		{A8FD42DB-315D-4667-AF1E-B9737DA8D1F3}.Release|Any CPU.ActiveCfg = Release|Any CPU
		{A8FD42DB-315D-4667-AF1E-B9737DA8D1F3}.Release|Any CPU.Build.0 = Release|Any CPU
		{0DCC1103-4CB1-46CD-BC72-99BE373F8817}.Debug|Any CPU.ActiveCfg = Debug|Any CPU
		{0DCC1103-4CB1-46CD-BC72-99BE373F8817}.Debug|Any CPU.Build.0 = Debug|Any CPU
		{0DCC1103-4CB1-46CD-BC72-99BE373F8817}.Release|Any CPU.ActiveCfg = Release|Any CPU
		{0DCC1103-4CB1-46CD-BC72-99BE373F8817}.Release|Any CPU.Build.0 = Release|Any CPU
	EndGlobalSection
	GlobalSection(SolutionProperties) = preSolution
		HideSolutionNode = FALSE
	EndGlobalSection
	GlobalSection(ExtensibilityGlobals) = postSolution
		SolutionGuid = {5963EA3C-292A-45DD-8F46-4325CF3F5EDE}
	EndGlobalSection
EndGlobal
